
Microsoft Visual Studio Solution File, Format Version 12.00
# Visual Studio Version 17
VisualStudioVersion = 17.4.33205.214
MinimumVisualStudioVersion = 10.0.40219.1
Project("{FAE04EC0-301F-11D3-BF4B-00C04F79EFBC}") = "CommentsApp.WebAPI", "CommentsApp.WebAPI\CommentsApp.WebAPI.csproj", "{1D48B780-2BE1-4337-8D58-E113F071ADA5}"
EndProject
Global
	GlobalSection(SolutionConfigurationPlatforms) = preSolution
		Debug|Any CPU = Debug|Any CPU
		Release|Any CPU = Release|Any CPU
	EndGlobalSection
	GlobalSection(ProjectConfigurationPlatforms) = postSolution
		{1D48B780-2BE1-4337-8D58-E113F071ADA5}.Debug|Any CPU.ActiveCfg = Debug|Any CPU
		{1D48B780-2BE1-4337-8D58-E113F071ADA5}.Debug|Any CPU.Build.0 = Debug|Any CPU
		{1D48B780-2BE1-4337-8D58-E113F071ADA5}.Release|Any CPU.ActiveCfg = Release|Any CPU
		{1D48B780-2BE1-4337-8D58-E113F071ADA5}.Release|Any CPU.Build.0 = Release|Any CPU
	EndGlobalSection
	GlobalSection(SolutionProperties) = preSolution
		HideSolutionNode = FALSE
	EndGlobalSection
	GlobalSection(ExtensibilityGlobals) = postSolution
		SolutionGuid = {EDF37C38-9918-460F-9C50-FFAFA1E0BC5B}
	EndGlobalSection
EndGlobal
